
Microsoft Visual Studio Solution File, Format Version 12.00
# Visual Studio 2013
VisualStudioVersion = 12.0.30501.0
MinimumVisualStudioVersion = 10.0.40219.1
Project("{FAE04EC0-301F-11D3-BF4B-00C04F79EFBC}") = "MVC5", "MVC5\MVC5.csproj", "{C4DED7C7-EAB3-4DA6-B9F7-E6D50A46E3B2}"
EndProject
Project("{FAE04EC0-301F-11D3-BF4B-00C04F79EFBC}") = "Needletail.SampleModel", "..\..\Needletail.SampleModel\Needletail.SampleModel.csproj", "{6AF72230-3DBB-460F-99E5-4798711DF654}"
EndProject
Project("{FAE04EC0-301F-11D3-BF4B-00C04F79EFBC}") = "MVC5.Tests", "MVC5.Tests\MVC5.Tests.csproj", "{672FDC3D-02A4-4BB1-9CE5-84B803849A28}"
EndProject
Global
	GlobalSection(SolutionConfigurationPlatforms) = preSolution
		Debug|Any CPU = Debug|Any CPU
		Publish|Any CPU = Publish|Any CPU
		Release|Any CPU = Release|Any CPU
	EndGlobalSection
	GlobalSection(ProjectConfigurationPlatforms) = postSolution
		{C4DED7C7-EAB3-4DA6-B9F7-E6D50A46E3B2}.Debug|Any CPU.ActiveCfg = Debug|Any CPU
		{C4DED7C7-EAB3-4DA6-B9F7-E6D50A46E3B2}.Debug|Any CPU.Build.0 = Debug|Any CPU
		{C4DED7C7-EAB3-4DA6-B9F7-E6D50A46E3B2}.Publish|Any CPU.ActiveCfg = Release|Any CPU
		{C4DED7C7-EAB3-4DA6-B9F7-E6D50A46E3B2}.Publish|Any CPU.Build.0 = Release|Any CPU
		{C4DED7C7-EAB3-4DA6-B9F7-E6D50A46E3B2}.Release|Any CPU.ActiveCfg = Release|Any CPU
		{C4DED7C7-EAB3-4DA6-B9F7-E6D50A46E3B2}.Release|Any CPU.Build.0 = Release|Any CPU
		{6AF72230-3DBB-460F-99E5-4798711DF654}.Debug|Any CPU.ActiveCfg = Debug|Any CPU
		{6AF72230-3DBB-460F-99E5-4798711DF654}.Debug|Any CPU.Build.0 = Debug|Any CPU
		{6AF72230-3DBB-460F-99E5-4798711DF654}.Publish|Any CPU.ActiveCfg = Release|Any CPU
		{6AF72230-3DBB-460F-99E5-4798711DF654}.Publish|Any CPU.Build.0 = Release|Any CPU
		{6AF72230-3DBB-460F-99E5-4798711DF654}.Release|Any CPU.ActiveCfg = Release|Any CPU
		{6AF72230-3DBB-460F-99E5-4798711DF654}.Release|Any CPU.Build.0 = Release|Any CPU
		{672FDC3D-02A4-4BB1-9CE5-84B803849A28}.Debug|Any CPU.ActiveCfg = Debug|Any CPU
		{672FDC3D-02A4-4BB1-9CE5-84B803849A28}.Debug|Any CPU.Build.0 = Debug|Any CPU
		{672FDC3D-02A4-4BB1-9CE5-84B803849A28}.Publish|Any CPU.ActiveCfg = Release|Any CPU
		{672FDC3D-02A4-4BB1-9CE5-84B803849A28}.Publish|Any CPU.Build.0 = Release|Any CPU
		{672FDC3D-02A4-4BB1-9CE5-84B803849A28}.Release|Any CPU.ActiveCfg = Release|Any CPU
		{672FDC3D-02A4-4BB1-9CE5-84B803849A28}.Release|Any CPU.Build.0 = Release|Any CPU
	EndGlobalSection
	GlobalSection(SolutionProperties) = preSolution
		HideSolutionNode = FALSE
	EndGlobalSection
	GlobalSection(CodealikeProperties) = postSolution
		SolutionGuid = 3d7ad0c2-8d27-4198-93e7-c6e6df024cba
	EndGlobalSection
EndGlobal
